
Microsoft Visual Studio Solution File, Format Version 12.00
# Visual Studio Version 16
VisualStudioVersion = 16.0.29411.108
MinimumVisualStudioVersion = 10.0.40219.1
Project("{FAE04EC0-301F-11D3-BF4B-00C04F79EFBC}") = "QuizWebApp", "QuizWebApp\QuizWebApp.csproj", "{DB3711D2-4123-46BC-B425-EE1F3EDD5A15}"
EndProject
Project("{FAE04EC0-301F-11D3-BF4B-00C04F79EFBC}") = "QuizWebApp.Tests", "QuizWebApp.Tests\QuizWebApp.Tests.csproj", "{72A9D778-1493-4E18-A591-2DB0659253A0}"
EndProject
Global
	GlobalSection(SolutionConfigurationPlatforms) = preSolution
		Debug|Any CPU = Debug|Any CPU
		Release|Any CPU = Release|Any CPU
	EndGlobalSection
	GlobalSection(ProjectConfigurationPlatforms) = postSolution
		{DB3711D2-4123-46BC-B425-EE1F3EDD5A15}.Debug|Any CPU.ActiveCfg = Debug|Any CPU
		{DB3711D2-4123-46BC-B425-EE1F3EDD5A15}.Debug|Any CPU.Build.0 = Debug|Any CPU
		{DB3711D2-4123-46BC-B425-EE1F3EDD5A15}.Release|Any CPU.ActiveCfg = Release|Any CPU
		{DB3711D2-4123-46BC-B425-EE1F3EDD5A15}.Release|Any CPU.Build.0 = Release|Any CPU
		{72A9D778-1493-4E18-A591-2DB0659253A0}.Debug|Any CPU.ActiveCfg = Debug|Any CPU
		{72A9D778-1493-4E18-A591-2DB0659253A0}.Debug|Any CPU.Build.0 = Debug|Any CPU
		{72A9D778-1493-4E18-A591-2DB0659253A0}.Release|Any CPU.ActiveCfg = Release|Any CPU
		{72A9D778-1493-4E18-A591-2DB0659253A0}.Release|Any CPU.Build.0 = Release|Any CPU
	EndGlobalSection
	GlobalSection(SolutionProperties) = preSolution
		HideSolutionNode = FALSE
	EndGlobalSection
	GlobalSection(ExtensibilityGlobals) = postSolution
		SolutionGuid = {D6F815C2-8612-4223-BF19-29C4F9D1F94F}
	EndGlobalSection
EndGlobal
